
Microsoft Visual Studio Solution File, Format Version 12.00
# Visual Studio Version 16
VisualStudioVersion = 16.0.30011.22
MinimumVisualStudioVersion = 10.0.40219.1
Project("{FAE04EC0-301F-11D3-BF4B-00C04F79EFBC}") = "ApiRestRefit", "ApiRestRefit\ApiRestRefit.csproj", "{93CDAC47-BF67-41F9-B608-E164C23B89E6}"
EndProject
Global
	GlobalSection(SolutionConfigurationPlatforms) = preSolution
		Debug|Any CPU = Debug|Any CPU
		Release|Any CPU = Release|Any CPU
	EndGlobalSection
	GlobalSection(ProjectConfigurationPlatforms) = postSolution
		{93CDAC47-BF67-41F9-B608-E164C23B89E6}.Debug|Any CPU.ActiveCfg = Debug|Any CPU
		{93CDAC47-BF67-41F9-B608-E164C23B89E6}.Debug|Any CPU.Build.0 = Debug|Any CPU
		{93CDAC47-BF67-41F9-B608-E164C23B89E6}.Release|Any CPU.ActiveCfg = Release|Any CPU
		{93CDAC47-BF67-41F9-B608-E164C23B89E6}.Release|Any CPU.Build.0 = Release|Any CPU
	EndGlobalSection
	GlobalSection(SolutionProperties) = preSolution
		HideSolutionNode = FALSE
	EndGlobalSection
	GlobalSection(ExtensibilityGlobals) = postSolution
		SolutionGuid = {B198571B-EABD-4877-BE37-62C87D382E00}
	EndGlobalSection
EndGlobal
